
Microsoft Visual Studio Solution File, Format Version 12.00
# Visual Studio Version 16
VisualStudioVersion = 16.0.30503.244
MinimumVisualStudioVersion = 10.0.40219.1
Project("{F184B08F-C81C-45F6-A57F-5ABD9991F28F}") = "RentaAcar", "RentaAcar.vbproj", "{4518684A-4040-4C68-926B-0F5764C38BE4}"
EndProject
Global
	GlobalSection(SolutionConfigurationPlatforms) = preSolution
		Debug|Any CPU = Debug|Any CPU
		Release|Any CPU = Release|Any CPU
	EndGlobalSection
	GlobalSection(ProjectConfigurationPlatforms) = postSolution
		{4518684A-4040-4C68-926B-0F5764C38BE4}.Debug|Any CPU.ActiveCfg = Debug|Any CPU
		{4518684A-4040-4C68-926B-0F5764C38BE4}.Debug|Any CPU.Build.0 = Debug|Any CPU
		{4518684A-4040-4C68-926B-0F5764C38BE4}.Release|Any CPU.ActiveCfg = Release|Any CPU
		{4518684A-4040-4C68-926B-0F5764C38BE4}.Release|Any CPU.Build.0 = Release|Any CPU
	EndGlobalSection
	GlobalSection(SolutionProperties) = preSolution
		HideSolutionNode = FALSE
	EndGlobalSection
	GlobalSection(ExtensibilityGlobals) = postSolution
		SolutionGuid = {CA5F998D-C896-4CB5-A4DC-72F18807CD25}
	EndGlobalSection
EndGlobal
